
Microsoft Visual Studio Solution File, Format Version 12.00
# Visual Studio Version 17
VisualStudioVersion = 17.11.35327.3
MinimumVisualStudioVersion = 10.0.40219.1
Project("{2150E333-8FDC-42A3-9474-1A3956D46DE8}") = "BookingService", "BookingService", "{DB7FEB95-94DF-4EE7-8B2A-C527504F5FE1}"
EndProject
Project("{2150E333-8FDC-42A3-9474-1A3956D46DE8}") = "Core", "Core", "{E565EC4F-E811-4ED2-9E37-91E68A997EBA}"
EndProject
Project("{2150E333-8FDC-42A3-9474-1A3956D46DE8}") = "Adapters", "Adapters", "{2B65330D-C7ED-4389-80C5-69A8B234191D}"
EndProject
Project("{2150E333-8FDC-42A3-9474-1A3956D46DE8}") = "Domain", "Domain", "{61DA9430-1807-440C-8B60-634CD865DC1D}"
EndProject
Project("{2150E333-8FDC-42A3-9474-1A3956D46DE8}") = "Application", "Application", "{814904CF-E96A-465E-804F-2BCAC4415DC7}"
EndProject
Project("{2150E333-8FDC-42A3-9474-1A3956D46DE8}") = "Consumers", "Consumers", "{46C9067D-8268-463A-AC95-F8D446FC4D13}"
EndProject
Project("{2150E333-8FDC-42A3-9474-1A3956D46DE8}") = "PaymentService", "PaymentService", "{51B059CF-BF2E-4B5B-B102-E57CC00BE5DF}"
EndProject
Project("{2150E333-8FDC-42A3-9474-1A3956D46DE8}") = "Tests", "Tests", "{ABC5BDDC-52E7-4726-8176-4B7D2FCE1902}"
EndProject
Project("{2150E333-8FDC-42A3-9474-1A3956D46DE8}") = "Unit", "Unit", "{2C10CA16-C732-416E-95DC-28A02DBF6BD2}"
EndProject
Project("{2150E333-8FDC-42A3-9474-1A3956D46DE8}") = "Integration", "Integration", "{EF8F94B2-758F-49B3-857C-1C3548669FAE}"
EndProject
Project("{2150E333-8FDC-42A3-9474-1A3956D46DE8}") = "Domain", "Domain", "{43B0429D-5012-4221-8EC8-5CEADC083E81}"
EndProject
Project("{2150E333-8FDC-42A3-9474-1A3956D46DE8}") = "Application", "Application", "{CC1BBA20-0CC3-459A-871F-36BCD849DA4B}"
EndProject
Project("{2150E333-8FDC-42A3-9474-1A3956D46DE8}") = "Adapters", "Adapters", "{BA3EA4A6-5CCB-4C38-B872-F689BCCCC71A}"
EndProject
Project("{9A19103F-16F7-4668-BE54-9A1E7A4F7556}") = "API", "BookingService\Consumers\API\API.csproj", "{DD78167C-BA7D-4433-B240-94655499AEC8}"
EndProject
Project("{9A19103F-16F7-4668-BE54-9A1E7A4F7556}") = "Data", "BookingService\Adapters\Data\Data.csproj", "{6B2FEA0E-86B8-4F8F-B49F-0022D99A720E}"
EndProject
Project("{9A19103F-16F7-4668-BE54-9A1E7A4F7556}") = "Domain", "BookingService\Core\Domain\Domain.csproj", "{DEBE7E8D-6778-4A53-82AD-94EB1F76B47A}"
EndProject
Project("{9A19103F-16F7-4668-BE54-9A1E7A4F7556}") = "Application", "BookingService\Core\Application\Application.csproj", "{83C7C6EA-DFFD-4750-97B8-F6A5676270E0}"
EndProject
Project("{FAE04EC0-301F-11D3-BF4B-00C04F79EFBC}") = "AdaptersTests", "BookingService\Tests\Adapters\AdaptersTests\AdaptersTests.csproj", "{99C14D63-7CB7-464D-B757-D07EB7E40325}"
EndProject
Project("{FAE04EC0-301F-11D3-BF4B-00C04F79EFBC}") = "ApplicationTests", "BookingService\Tests\Application\ApplicationTests\ApplicationTests.csproj", "{E6410232-A636-49B7-9F6A-99D76FAB60F7}"
EndProject
Project("{FAE04EC0-301F-11D3-BF4B-00C04F79EFBC}") = "DomainTests", "BookingService\Tests\Domain\DomainTests\DomainTests.csproj", "{00FFBDA4-9E63-40D6-93B7-C583138BCC9F}"
EndProject
Global
	GlobalSection(SolutionConfigurationPlatforms) = preSolution
		Debug|Any CPU = Debug|Any CPU
		Release|Any CPU = Release|Any CPU
	EndGlobalSection
	GlobalSection(ProjectConfigurationPlatforms) = postSolution
		{DD78167C-BA7D-4433-B240-94655499AEC8}.Debug|Any CPU.ActiveCfg = Debug|Any CPU
		{DD78167C-BA7D-4433-B240-94655499AEC8}.Debug|Any CPU.Build.0 = Debug|Any CPU
		{DD78167C-BA7D-4433-B240-94655499AEC8}.Release|Any CPU.ActiveCfg = Release|Any CPU
		{DD78167C-BA7D-4433-B240-94655499AEC8}.Release|Any CPU.Build.0 = Release|Any CPU
		{6B2FEA0E-86B8-4F8F-B49F-0022D99A720E}.Debug|Any CPU.ActiveCfg = Debug|Any CPU
		{6B2FEA0E-86B8-4F8F-B49F-0022D99A720E}.Debug|Any CPU.Build.0 = Debug|Any CPU
		{6B2FEA0E-86B8-4F8F-B49F-0022D99A720E}.Release|Any CPU.ActiveCfg = Release|Any CPU
		{6B2FEA0E-86B8-4F8F-B49F-0022D99A720E}.Release|Any CPU.Build.0 = Release|Any CPU
		{DEBE7E8D-6778-4A53-82AD-94EB1F76B47A}.Debug|Any CPU.ActiveCfg = Debug|Any CPU
		{DEBE7E8D-6778-4A53-82AD-94EB1F76B47A}.Debug|Any CPU.Build.0 = Debug|Any CPU
		{DEBE7E8D-6778-4A53-82AD-94EB1F76B47A}.Release|Any CPU.ActiveCfg = Release|Any CPU
		{DEBE7E8D-6778-4A53-82AD-94EB1F76B47A}.Release|Any CPU.Build.0 = Release|Any CPU
		{83C7C6EA-DFFD-4750-97B8-F6A5676270E0}.Debug|Any CPU.ActiveCfg = Debug|Any CPU
		{83C7C6EA-DFFD-4750-97B8-F6A5676270E0}.Debug|Any CPU.Build.0 = Debug|Any CPU
		{83C7C6EA-DFFD-4750-97B8-F6A5676270E0}.Release|Any CPU.ActiveCfg = Release|Any CPU
		{83C7C6EA-DFFD-4750-97B8-F6A5676270E0}.Release|Any CPU.Build.0 = Release|Any CPU
		{99C14D63-7CB7-464D-B757-D07EB7E40325}.Debug|Any CPU.ActiveCfg = Debug|Any CPU
		{99C14D63-7CB7-464D-B757-D07EB7E40325}.Debug|Any CPU.Build.0 = Debug|Any CPU
		{99C14D63-7CB7-464D-B757-D07EB7E40325}.Release|Any CPU.ActiveCfg = Release|Any CPU
		{99C14D63-7CB7-464D-B757-D07EB7E40325}.Release|Any CPU.Build.0 = Release|Any CPU
		{E6410232-A636-49B7-9F6A-99D76FAB60F7}.Debug|Any CPU.ActiveCfg = Debug|Any CPU
		{E6410232-A636-49B7-9F6A-99D76FAB60F7}.Debug|Any CPU.Build.0 = Debug|Any CPU
		{E6410232-A636-49B7-9F6A-99D76FAB60F7}.Release|Any CPU.ActiveCfg = Release|Any CPU
		{E6410232-A636-49B7-9F6A-99D76FAB60F7}.Release|Any CPU.Build.0 = Release|Any CPU
		{00FFBDA4-9E63-40D6-93B7-C583138BCC9F}.Debug|Any CPU.ActiveCfg = Debug|Any CPU
		{00FFBDA4-9E63-40D6-93B7-C583138BCC9F}.Debug|Any CPU.Build.0 = Debug|Any CPU
		{00FFBDA4-9E63-40D6-93B7-C583138BCC9F}.Release|Any CPU.ActiveCfg = Release|Any CPU
		{00FFBDA4-9E63-40D6-93B7-C583138BCC9F}.Release|Any CPU.Build.0 = Release|Any CPU
	EndGlobalSection
	GlobalSection(SolutionProperties) = preSolution
		HideSolutionNode = FALSE
	EndGlobalSection
	GlobalSection(NestedProjects) = preSolution
		{E565EC4F-E811-4ED2-9E37-91E68A997EBA} = {DB7FEB95-94DF-4EE7-8B2A-C527504F5FE1}
		{2B65330D-C7ED-4389-80C5-69A8B234191D} = {DB7FEB95-94DF-4EE7-8B2A-C527504F5FE1}
		{61DA9430-1807-440C-8B60-634CD865DC1D} = {E565EC4F-E811-4ED2-9E37-91E68A997EBA}
		{814904CF-E96A-465E-804F-2BCAC4415DC7} = {E565EC4F-E811-4ED2-9E37-91E68A997EBA}
		{46C9067D-8268-463A-AC95-F8D446FC4D13} = {DB7FEB95-94DF-4EE7-8B2A-C527504F5FE1}
		{ABC5BDDC-52E7-4726-8176-4B7D2FCE1902} = {DB7FEB95-94DF-4EE7-8B2A-C527504F5FE1}
		{2C10CA16-C732-416E-95DC-28A02DBF6BD2} = {ABC5BDDC-52E7-4726-8176-4B7D2FCE1902}
		{EF8F94B2-758F-49B3-857C-1C3548669FAE} = {ABC5BDDC-52E7-4726-8176-4B7D2FCE1902}
		{43B0429D-5012-4221-8EC8-5CEADC083E81} = {2C10CA16-C732-416E-95DC-28A02DBF6BD2}
		{CC1BBA20-0CC3-459A-871F-36BCD849DA4B} = {2C10CA16-C732-416E-95DC-28A02DBF6BD2}
		{BA3EA4A6-5CCB-4C38-B872-F689BCCCC71A} = {2C10CA16-C732-416E-95DC-28A02DBF6BD2}
		{DD78167C-BA7D-4433-B240-94655499AEC8} = {46C9067D-8268-463A-AC95-F8D446FC4D13}
		{6B2FEA0E-86B8-4F8F-B49F-0022D99A720E} = {2B65330D-C7ED-4389-80C5-69A8B234191D}
		{DEBE7E8D-6778-4A53-82AD-94EB1F76B47A} = {61DA9430-1807-440C-8B60-634CD865DC1D}
		{83C7C6EA-DFFD-4750-97B8-F6A5676270E0} = {814904CF-E96A-465E-804F-2BCAC4415DC7}
		{99C14D63-7CB7-464D-B757-D07EB7E40325} = {BA3EA4A6-5CCB-4C38-B872-F689BCCCC71A}
		{E6410232-A636-49B7-9F6A-99D76FAB60F7} = {CC1BBA20-0CC3-459A-871F-36BCD849DA4B}
		{00FFBDA4-9E63-40D6-93B7-C583138BCC9F} = {43B0429D-5012-4221-8EC8-5CEADC083E81}
	EndGlobalSection
	GlobalSection(ExtensibilityGlobals) = postSolution
		SolutionGuid = {020716CE-6BB7-45A2-A0BF-D95B93E330EC}
	EndGlobalSection
EndGlobal
